
Microsoft Visual Studio Solution File, Format Version 12.00
# Visual Studio 2017
Project("{FAE04EC0-301F-11D3-BF4B-00C04F79EFBC}") = "Photon Vikings.Plugins", "Photon Vikings.Plugins.csproj", "{1A4B0E8E-24A0-4BE1-3597-F7D219875C21}"
EndProject
Project("{FAE04EC0-301F-11D3-BF4B-00C04F79EFBC}") = "Photon Vikings", "Photon Vikings.csproj", "{48D23DA7-3E63-D113-9C06-8902D3DBB82C}"
EndProject
Project("{FAE04EC0-301F-11D3-BF4B-00C04F79EFBC}") = "Photon Vikings.Editor", "Photon Vikings.Editor.csproj", "{8C01F27F-C6E7-4295-167C-939D5CD442D1}"
EndProject
Global
	GlobalSection(SolutionConfigurationPlatforms) = preSolution
		Debug|Any CPU = Debug|Any CPU
		Release|Any CPU = Release|Any CPU
	EndGlobalSection
	GlobalSection(ProjectConfigurationPlatforms) = postSolution
		{1A4B0E8E-24A0-4BE1-3597-F7D219875C21}.Debug|Any CPU.ActiveCfg = Debug|Any CPU
		{1A4B0E8E-24A0-4BE1-3597-F7D219875C21}.Debug|Any CPU.Build.0 = Debug|Any CPU
		{1A4B0E8E-24A0-4BE1-3597-F7D219875C21}.Release|Any CPU.ActiveCfg = Release|Any CPU
		{1A4B0E8E-24A0-4BE1-3597-F7D219875C21}.Release|Any CPU.Build.0 = Release|Any CPU
		{48D23DA7-3E63-D113-9C06-8902D3DBB82C}.Debug|Any CPU.ActiveCfg = Debug|Any CPU
		{48D23DA7-3E63-D113-9C06-8902D3DBB82C}.Debug|Any CPU.Build.0 = Debug|Any CPU
		{48D23DA7-3E63-D113-9C06-8902D3DBB82C}.Release|Any CPU.ActiveCfg = Release|Any CPU
		{48D23DA7-3E63-D113-9C06-8902D3DBB82C}.Release|Any CPU.Build.0 = Release|Any CPU
		{8C01F27F-C6E7-4295-167C-939D5CD442D1}.Debug|Any CPU.ActiveCfg = Debug|Any CPU
		{8C01F27F-C6E7-4295-167C-939D5CD442D1}.Debug|Any CPU.Build.0 = Debug|Any CPU
		{8C01F27F-C6E7-4295-167C-939D5CD442D1}.Release|Any CPU.ActiveCfg = Release|Any CPU
		{8C01F27F-C6E7-4295-167C-939D5CD442D1}.Release|Any CPU.Build.0 = Release|Any CPU
	EndGlobalSection
	GlobalSection(SolutionProperties) = preSolution
		HideSolutionNode = FALSE
	EndGlobalSection
EndGlobal
